
Microsoft Visual Studio Solution File, Format Version 12.00
# Visual Studio Version 16
VisualStudioVersion = 16.0.30225.117
MinimumVisualStudioVersion = 10.0.40219.1
Project("{FAE04EC0-301F-11D3-BF4B-00C04F79EFBC}") = "ResgataPremios.API", ".\ResgataPremios.API\ResgataPremios.API.csproj", "{18A6AC4D-F8C0-4CA0-9624-F76038392E74}"
EndProject
Project("{FAE04EC0-301F-11D3-BF4B-00C04F79EFBC}") = "ResgataPremios.Domain", ".\ResgataPremios.Domain\ResgataPremios.Domain.csproj", "{FE81680F-16A8-45DB-B636-40121A6523B2}"
EndProject
Project("{FAE04EC0-301F-11D3-BF4B-00C04F79EFBC}") = "ResgataPremios.Repository", ".\ResgataPremios.Repository\ResgataPremios.Repository.csproj", "{5FBEF6BA-D8CE-46D3-9F67-0CC00EB246C1}"
EndProject
Project("{FAE04EC0-301F-11D3-BF4B-00C04F79EFBC}") = "ResgataPremios.Test", ".\ResgataPremios.Test\ResgataPremios.Test.csproj", "{0378F8FE-6372-45FD-9238-7207D088C88E}"
EndProject
Project("{FAE04EC0-301F-11D3-BF4B-00C04F79EFBC}") = "ResgataPremios.Service", ".\ResgataPremios.Service\ResgataPremios.Service.csproj", "{7421DFBC-0009-41FA-B425-982EF9E16A72}"
EndProject
Global
	GlobalSection(SolutionConfigurationPlatforms) = preSolution
		Debug|Any CPU = Debug|Any CPU
		Release|Any CPU = Release|Any CPU
	EndGlobalSection
	GlobalSection(ProjectConfigurationPlatforms) = postSolution
		{18A6AC4D-F8C0-4CA0-9624-F76038392E74}.Debug|Any CPU.ActiveCfg = Debug|Any CPU
		{18A6AC4D-F8C0-4CA0-9624-F76038392E74}.Debug|Any CPU.Build.0 = Debug|Any CPU
		{18A6AC4D-F8C0-4CA0-9624-F76038392E74}.Release|Any CPU.ActiveCfg = Release|Any CPU
		{18A6AC4D-F8C0-4CA0-9624-F76038392E74}.Release|Any CPU.Build.0 = Release|Any CPU
		{FE81680F-16A8-45DB-B636-40121A6523B2}.Debug|Any CPU.ActiveCfg = Debug|Any CPU
		{FE81680F-16A8-45DB-B636-40121A6523B2}.Debug|Any CPU.Build.0 = Debug|Any CPU
		{FE81680F-16A8-45DB-B636-40121A6523B2}.Release|Any CPU.ActiveCfg = Release|Any CPU
		{FE81680F-16A8-45DB-B636-40121A6523B2}.Release|Any CPU.Build.0 = Release|Any CPU
		{5FBEF6BA-D8CE-46D3-9F67-0CC00EB246C1}.Debug|Any CPU.ActiveCfg = Debug|Any CPU
		{5FBEF6BA-D8CE-46D3-9F67-0CC00EB246C1}.Debug|Any CPU.Build.0 = Debug|Any CPU
		{5FBEF6BA-D8CE-46D3-9F67-0CC00EB246C1}.Release|Any CPU.ActiveCfg = Release|Any CPU
		{5FBEF6BA-D8CE-46D3-9F67-0CC00EB246C1}.Release|Any CPU.Build.0 = Release|Any CPU
		{0378F8FE-6372-45FD-9238-7207D088C88E}.Debug|Any CPU.ActiveCfg = Debug|Any CPU
		{0378F8FE-6372-45FD-9238-7207D088C88E}.Debug|Any CPU.Build.0 = Debug|Any CPU
		{0378F8FE-6372-45FD-9238-7207D088C88E}.Release|Any CPU.ActiveCfg = Release|Any CPU
		{0378F8FE-6372-45FD-9238-7207D088C88E}.Release|Any CPU.Build.0 = Release|Any CPU
		{7421DFBC-0009-41FA-B425-982EF9E16A72}.Debug|Any CPU.ActiveCfg = Debug|Any CPU
		{7421DFBC-0009-41FA-B425-982EF9E16A72}.Debug|Any CPU.Build.0 = Debug|Any CPU
		{7421DFBC-0009-41FA-B425-982EF9E16A72}.Release|Any CPU.ActiveCfg = Release|Any CPU
		{7421DFBC-0009-41FA-B425-982EF9E16A72}.Release|Any CPU.Build.0 = Release|Any CPU
	EndGlobalSection
	GlobalSection(SolutionProperties) = preSolution
		HideSolutionNode = FALSE
	EndGlobalSection
	GlobalSection(ExtensibilityGlobals) = postSolution
		SolutionGuid = {B755A110-065E-4356-8C07-B2EDC12AD67C}
	EndGlobalSection
EndGlobal
